// !$*UTF8*$!
{
	archiveVersion = 1;
	classes = {
	};
	objectVersion = 56;
	objects = {

/* Begin PBXBuildFile section */
		FAE564A42CA48A980083E8C3 /* MedicoApp.swift in Sources */ = {isa = PBXBuildFile; fileRef = FAE564A32CA48A980083E8C3 /* MedicoApp.swift */; };
		FAE564A62CA48A980083E8C3 /* ContentView.swift in Sources */ = {isa = PBXBuildFile; fileRef = FAE564A52CA48A980083E8C3 /* ContentView.swift */; };
		FAE564A82CA48A990083E8C3 /* Assets.xcassets in Resources */ = {isa = PBXBuildFile; fileRef = FAE564A72CA48A990083E8C3 /* Assets.xcassets */; };
		FAE564AB2CA48A990083E8C3 /* Preview Assets.xcassets in Resources */ = {isa = PBXBuildFile; fileRef = FAE564AA2CA48A990083E8C3 /* Preview Assets.xcassets */; };
		FAE564B52CA48A990083E8C3 /* MedicoTests.swift in Sources */ = {isa = PBXBuildFile; fileRef = FAE564B42CA48A990083E8C3 /* MedicoTests.swift */; };
		FAE564BF2CA48A990083E8C3 /* MedicoUITests.swift in Sources */ = {isa = PBXBuildFile; fileRef = FAE564BE2CA48A990083E8C3 /* MedicoUITests.swift */; };
		FAE564C12CA48A990083E8C3 /* MedicoUITestsLaunchTests.swift in Sources */ = {isa = PBXBuildFile; fileRef = FAE564C02CA48A990083E8C3 /* MedicoUITestsLaunchTests.swift */; };
		FAE564CF2CA48B5E0083E8C3 /* HomeView.swift in Sources */ = {isa = PBXBuildFile; fileRef = FAE564CE2CA48B5E0083E8C3 /* HomeView.swift */; };
		FAE564D12CA4907B0083E8C3 /* SpecialCardView.swift in Sources */ = {isa = PBXBuildFile; fileRef = FAE564D02CA4907B0083E8C3 /* SpecialCardView.swift */; };
		FAE564D32CA497470083E8C3 /* Specialist.swift in Sources */ = {isa = PBXBuildFile; fileRef = FAE564D22CA497470083E8C3 /* Specialist.swift */; };
		FAE564D52CA49D1F0083E8C3 /* doctor.json in Resources */ = {isa = PBXBuildFile; fileRef = FAE564D42CA49D1F0083E8C3 /* doctor.json */; };
/* End PBXBuildFile section */

/* Begin PBXContainerItemProxy section */
		FAE564B12CA48A990083E8C3 /* PBXContainerItemProxy */ = {
			isa = PBXContainerItemProxy;
			containerPortal = FAE564982CA48A980083E8C3 /* Project object */;
			proxyType = 1;
			remoteGlobalIDString = FAE5649F2CA48A980083E8C3;
			remoteInfo = Medico;
		};
		FAE564BB2CA48A990083E8C3 /* PBXContainerItemProxy */ = {
			isa = PBXContainerItemProxy;
			containerPortal = FAE564982CA48A980083E8C3 /* Project object */;
			proxyType = 1;
			remoteGlobalIDString = FAE5649F2CA48A980083E8C3;
			remoteInfo = Medico;
		};
/* End PBXContainerItemProxy section */

/* Begin PBXFileReference section */
		FAE564A02CA48A980083E8C3 /* Medico.app */ = {isa = PBXFileReference; explicitFileType = wrapper.application; includeInIndex = 0; path = Medico.app; sourceTree = BUILT_PRODUCTS_DIR; };
		FAE564A32CA48A980083E8C3 /* MedicoApp.swift */ = {isa = PBXFileReference; lastKnownFileType = sourcecode.swift; path = MedicoApp.swift; sourceTree = "<group>"; };
		FAE564A52CA48A980083E8C3 /* ContentView.swift */ = {isa = PBXFileReference; lastKnownFileType = sourcecode.swift; path = ContentView.swift; sourceTree = "<group>"; };
		FAE564A72CA48A990083E8C3 /* Assets.xcassets */ = {isa = PBXFileReference; lastKnownFileType = folder.assetcatalog; path = Assets.xcassets; sourceTree = "<group>"; };
		FAE564AA2CA48A990083E8C3 /* Preview Assets.xcassets */ = {isa = PBXFileReference; lastKnownFileType = folder.assetcatalog; path = "Preview Assets.xcassets"; sourceTree = "<group>"; };
		FAE564B02CA48A990083E8C3 /* MedicoTests.xctest */ = {isa = PBXFileReference; explicitFileType = wrapper.cfbundle; includeInIndex = 0; path = MedicoTests.xctest; sourceTree = BUILT_PRODUCTS_DIR; };
		FAE564B42CA48A990083E8C3 /* MedicoTests.swift */ = {isa = PBXFileReference; lastKnownFileType = sourcecode.swift; path = MedicoTests.swift; sourceTree = "<group>"; };
		FAE564BA2CA48A990083E8C3 /* MedicoUITests.xctest */ = {isa = PBXFileReference; explicitFileType = wrapper.cfbundle; includeInIndex = 0; path = MedicoUITests.xctest; sourceTree = BUILT_PRODUCTS_DIR; };
		FAE564BE2CA48A990083E8C3 /* MedicoUITests.swift */ = {isa = PBXFileReference; lastKnownFileType = sourcecode.swift; path = MedicoUITests.swift; sourceTree = "<group>"; };
		FAE564C02CA48A990083E8C3 /* MedicoUITestsLaunchTests.swift */ = {isa = PBXFileReference; lastKnownFileType = sourcecode.swift; path = MedicoUITestsLaunchTests.swift; sourceTree = "<group>"; };
		FAE564CE2CA48B5E0083E8C3 /* HomeView.swift */ = {isa = PBXFileReference; lastKnownFileType = sourcecode.swift; path = HomeView.swift; sourceTree = "<group>"; };
		FAE564D02CA4907B0083E8C3 /* SpecialCardView.swift */ = {isa = PBXFileReference; lastKnownFileType = sourcecode.swift; path = SpecialCardView.swift; sourceTree = "<group>"; };
		FAE564D22CA497470083E8C3 /* Specialist.swift */ = {isa = PBXFileReference; lastKnownFileType = sourcecode.swift; path = Specialist.swift; sourceTree = "<group>"; };
		FAE564D42CA49D1F0083E8C3 /* doctor.json */ = {isa = PBXFileReference; lastKnownFileType = text.json; path = doctor.json; sourceTree = "<group>"; };
/* End PBXFileReference section */

/* Begin PBXFrameworksBuildPhase section */
		FAE5649D2CA48A980083E8C3 /* Frameworks */ = {
			isa = PBXFrameworksBuildPhase;
			buildActionMask = 2147483647;
			files = (
			);
			runOnlyForDeploymentPostprocessing = 0;
		};
		FAE564AD2CA48A990083E8C3 /* Frameworks */ = {
			isa = PBXFrameworksBuildPhase;
			buildActionMask = 2147483647;
			files = (
			);
			runOnlyForDeploymentPostprocessing = 0;
		};
		FAE564B72CA48A990083E8C3 /* Frameworks */ = {
			isa = PBXFrameworksBuildPhase;
			buildActionMask = 2147483647;
			files = (
			);
			runOnlyForDeploymentPostprocessing = 0;
		};
/* End PBXFrameworksBuildPhase section */

/* Begin PBXGroup section */
		FAE564972CA48A980083E8C3 = {
			isa = PBXGroup;
			children = (
				FAE564A22CA48A980083E8C3 /* Medico */,
				FAE564B32CA48A990083E8C3 /* MedicoTests */,
				FAE564BD2CA48A990083E8C3 /* MedicoUITests */,
				FAE564A12CA48A980083E8C3 /* Products */,
			);
			sourceTree = "<group>";
		};
		FAE564A12CA48A980083E8C3 /* Products */ = {
			isa = PBXGroup;
			children = (
				FAE564A02CA48A980083E8C3 /* Medico.app */,
				FAE564B02CA48A990083E8C3 /* MedicoTests.xctest */,
				FAE564BA2CA48A990083E8C3 /* MedicoUITests.xctest */,
			);
			name = Products;
			sourceTree = "<group>";
		};
		FAE564A22CA48A980083E8C3 /* Medico */ = {
			isa = PBXGroup;
			children = (
				FAE564A32CA48A980083E8C3 /* MedicoApp.swift */,
				FAE564D72CA49E460083E8C3 /* model */,
				FAE564D62CA49E010083E8C3 /* View */,
				FAE564A72CA48A990083E8C3 /* Assets.xcassets */,
				FAE564A92CA48A990083E8C3 /* Preview Content */,
			);
			path = Medico;
			sourceTree = "<group>";
		};
		FAE564A92CA48A990083E8C3 /* Preview Content */ = {
			isa = PBXGroup;
			children = (
				FAE564AA2CA48A990083E8C3 /* Preview Assets.xcassets */,
			);
			path = "Preview Content";
			sourceTree = "<group>";
		};
		FAE564B32CA48A990083E8C3 /* MedicoTests */ = {
			isa = PBXGroup;
			children = (
				FAE564B42CA48A990083E8C3 /* MedicoTests.swift */,
			);
			path = MedicoTests;
			sourceTree = "<group>";
		};
		FAE564BD2CA48A990083E8C3 /* MedicoUITests */ = {
			isa = PBXGroup;
			children = (
				FAE564BE2CA48A990083E8C3 /* MedicoUITests.swift */,
				FAE564C02CA48A990083E8C3 /* MedicoUITestsLaunchTests.swift */,
			);
			path = MedicoUITests;
			sourceTree = "<group>";
		};
		FAE564D62CA49E010083E8C3 /* View */ = {
			isa = PBXGroup;
			children = (
				FAE564CE2CA48B5E0083E8C3 /* HomeView.swift */,
				FAE564A52CA48A980083E8C3 /* ContentView.swift */,
				FAE564D02CA4907B0083E8C3 /* SpecialCardView.swift */,
			);
			path = View;
			sourceTree = "<group>";
		};
		FAE564D72CA49E460083E8C3 /* model */ = {
			isa = PBXGroup;
			children = (
				FAE564D22CA497470083E8C3 /* Specialist.swift */,
				FAE564D42CA49D1F0083E8C3 /* doctor.json */,
			);
			path = model;
			sourceTree = "<group>";
		};
/* End PBXGroup section */

/* Begin PBXNativeTarget section */
		FAE5649F2CA48A980083E8C3 /* Medico */ = {
			isa = PBXNativeTarget;
			buildConfigurationList = FAE564C42CA48A990083E8C3 /* Build configuration list for PBXNativeTarget "Medico" */;
			buildPhases = (
				FAE5649C2CA48A980083E8C3 /* Sources */,
				FAE5649D2CA48A980083E8C3 /* Frameworks */,
				FAE5649E2CA48A980083E8C3 /* Resources */,
			);
			buildRules = (
			);
			dependencies = (
			);
			name = Medico;
			productName = Medico;
			productReference = FAE564A02CA48A980083E8C3 /* Medico.app */;
			productType = "com.apple.product-type.application";
		};
		FAE564AF2CA48A990083E8C3 /* MedicoTests */ = {
			isa = PBXNativeTarget;
			buildConfigurationList = FAE564C72CA48A990083E8C3 /* Build configuration list for PBXNativeTarget "MedicoTests" */;
			buildPhases = (
				FAE564AC2CA48A990083E8C3 /* Sources */,
				FAE564AD2CA48A990083E8C3 /* Frameworks */,
				FAE564AE2CA48A990083E8C3 /* Resources */,
			);
			buildRules = (
			);
			dependencies = (
				FAE564B22CA48A990083E8C3 /* PBXTargetDependency */,
			);
			name = MedicoTests;
			productName = MedicoTests;
			productReference = FAE564B02CA48A990083E8C3 /* MedicoTests.xctest */;
			productType = "com.apple.product-type.bundle.unit-test";
		};
		FAE564B92CA48A990083E8C3 /* MedicoUITests */ = {
			isa = PBXNativeTarget;
			buildConfigurationList = FAE564CA2CA48A990083E8C3 /* Build configuration list for PBXNativeTarget "MedicoUITests" */;
			buildPhases = (
				FAE564B62CA48A990083E8C3 /* Sources */,
				FAE564B72CA48A990083E8C3 /* Frameworks */,
				FAE564B82CA48A990083E8C3 /* Resources */,
			);
			buildRules = (
			);
			dependencies = (
				FAE564BC2CA48A990083E8C3 /* PBXTargetDependency */,
			);
			name = MedicoUITests;
			productName = MedicoUITests;
			productReference = FAE564BA2CA48A990083E8C3 /* MedicoUITests.xctest */;
			productType = "com.apple.product-type.bundle.ui-testing";
		};
/* End PBXNativeTarget section */

/* Begin PBXProject section */
		FAE564982CA48A980083E8C3 /* Project object */ = {
			isa = PBXProject;
			attributes = {
				BuildIndependentTargetsInParallel = 1;
				LastSwiftUpdateCheck = 1520;
				LastUpgradeCheck = 1520;
				TargetAttributes = {
					FAE5649F2CA48A980083E8C3 = {
						CreatedOnToolsVersion = 15.2;
					};
					FAE564AF2CA48A990083E8C3 = {
						CreatedOnToolsVersion = 15.2;
						TestTargetID = FAE5649F2CA48A980083E8C3;
					};
					FAE564B92CA48A990083E8C3 = {
						CreatedOnToolsVersion = 15.2;
						TestTargetID = FAE5649F2CA48A980083E8C3;
					};
				};
			};
			buildConfigurationList = FAE5649B2CA48A980083E8C3 /* Build configuration list for PBXProject "Medico" */;
			compatibilityVersion = "Xcode 14.0";
			developmentRegion = en;
			hasScannedForEncodings = 0;
			knownRegions = (
				en,
				Base,
			);
			mainGroup = FAE564972CA48A980083E8C3;
			productRefGroup = FAE564A12CA48A980083E8C3 /* Products */;
			projectDirPath = "";
			projectRoot = "";
			targets = (
				FAE5649F2CA48A980083E8C3 /* Medico */,
				FAE564AF2CA48A990083E8C3 /* MedicoTests */,
				FAE564B92CA48A990083E8C3 /* MedicoUITests */,
			);
		};
/* End PBXProject section */

/* Begin PBXResourcesBuildPhase section */
		FAE5649E2CA48A980083E8C3 /* Resources */ = {
			isa = PBXResourcesBuildPhase;
			buildActionMask = 2147483647;
			files = (
				FAE564D52CA49D1F0083E8C3 /* doctor.json in Resources */,
				FAE564AB2CA48A990083E8C3 /* Preview Assets.xcassets in Resources */,
				FAE564A82CA48A990083E8C3 /* Assets.xcassets in Resources */,
			);
			runOnlyForDeploymentPostprocessing = 0;
		};
		FAE564AE2CA48A990083E8C3 /* Resources */ = {
			isa = PBXResourcesBuildPhase;
			buildActionMask = 2147483647;
			files = (
			);
			runOnlyForDeploymentPostprocessing = 0;
		};
		FAE564B82CA48A990083E8C3 /* Resources */ = {
			isa = PBXResourcesBuildPhase;
			buildActionMask = 2147483647;
			files = (
			);
			runOnlyForDeploymentPostprocessing = 0;
		};
/* End PBXResourcesBuildPhase section */

/* Begin PBXSourcesBuildPhase section */
		FAE5649C2CA48A980083E8C3 /* Sources */ = {
			isa = PBXSourcesBuildPhase;
			buildActionMask = 2147483647;
			files = (
				FAE564CF2CA48B5E0083E8C3 /* HomeView.swift in Sources */,
				FAE564A62CA48A980083E8C3 /* ContentView.swift in Sources */,
				FAE564D12CA4907B0083E8C3 /* SpecialCardView.swift in Sources */,
				FAE564D32CA497470083E8C3 /* Specialist.swift in Sources */,
				FAE564A42CA48A980083E8C3 /* MedicoApp.swift in Sources */,
			);
			runOnlyForDeploymentPostprocessing = 0;
		};
		FAE564AC2CA48A990083E8C3 /* Sources */ = {
			isa = PBXSourcesBuildPhase;
			buildActionMask = 2147483647;
			files = (
				FAE564B52CA48A990083E8C3 /* MedicoTests.swift in Sources */,
			);
			runOnlyForDeploymentPostprocessing = 0;
		};
		FAE564B62CA48A990083E8C3 /* Sources */ = {
			isa = PBXSourcesBuildPhase;
			buildActionMask = 2147483647;
			files = (
				FAE564BF2CA48A990083E8C3 /* MedicoUITests.swift in Sources */,
				FAE564C12CA48A990083E8C3 /* MedicoUITestsLaunchTests.swift in Sources */,
			);
			runOnlyForDeploymentPostprocessing = 0;
		};
/* End PBXSourcesBuildPhase section */

/* Begin PBXTargetDependency section */
		FAE564B22CA48A990083E8C3 /* PBXTargetDependency */ = {
			isa = PBXTargetDependency;
			target = FAE5649F2CA48A980083E8C3 /* Medico */;
			targetProxy = FAE564B12CA48A990083E8C3 /* PBXContainerItemProxy */;
		};
		FAE564BC2CA48A990083E8C3 /* PBXTargetDependency */ = {
			isa = PBXTargetDependency;
			target = FAE5649F2CA48A980083E8C3 /* Medico */;
			targetProxy = FAE564BB2CA48A990083E8C3 /* PBXContainerItemProxy */;
		};
/* End PBXTargetDependency section */

/* Begin XCBuildConfiguration section */
		FAE564C22CA48A990083E8C3 /* Debug */ = {
			isa = XCBuildConfiguration;
			buildSettings = {
				ALWAYS_SEARCH_USER_PATHS = NO;
				ASSETCATALOG_COMPILER_GENERATE_SWIFT_ASSET_SYMBOL_EXTENSIONS = YES;
				CLANG_ANALYZER_NONNULL = YES;
				CLANG_ANALYZER_NUMBER_OBJECT_CONVERSION = YES_AGGRESSIVE;
				CLANG_CXX_LANGUAGE_STANDARD = "gnu++20";
				CLANG_ENABLE_MODULES = YES;
				CLANG_ENABLE_OBJC_ARC = YES;
				CLANG_ENABLE_OBJC_WEAK = YES;
				CLANG_WARN_BLOCK_CAPTURE_AUTORELEASING = YES;
				CLANG_WARN_BOOL_CONVERSION = YES;
				CLANG_WARN_COMMA = YES;
				CLANG_WARN_CONSTANT_CONVERSION = YES;
				CLANG_WARN_DEPRECATED_OBJC_IMPLEMENTATIONS = YES;
				CLANG_WARN_DIRECT_OBJC_ISA_USAGE = YES_ERROR;
				CLANG_WARN_DOCUMENTATION_COMMENTS = YES;
				CLANG_WARN_EMPTY_BODY = YES;
				CLANG_WARN_ENUM_CONVERSION = YES;
				CLANG_WARN_INFINITE_RECURSION = YES;
				CLANG_WARN_INT_CONVERSION = YES;
				CLANG_WARN_NON_LITERAL_NULL_CONVERSION = YES;
				CLANG_WARN_OBJC_IMPLICIT_RETAIN_SELF = YES;
				CLANG_WARN_OBJC_LITERAL_CONVERSION = YES;
				CLANG_WARN_OBJC_ROOT_CLASS = YES_ERROR;
				CLANG_WARN_QUOTED_INCLUDE_IN_FRAMEWORK_HEADER = YES;
				CLANG_WARN_RANGE_LOOP_ANALYSIS = YES;
				CLANG_WARN_STRICT_PROTOTYPES = YES;
				CLANG_WARN_SUSPICIOUS_MOVE = YES;
				CLANG_WARN_UNGUARDED_AVAILABILITY = YES_AGGRESSIVE;
				CLANG_WARN_UNREACHABLE_CODE = YES;
				CLANG_WARN__DUPLICATE_METHOD_MATCH = YES;
				COPY_PHASE_STRIP = NO;
				DEBUG_INFORMATION_FORMAT = dwarf;
				ENABLE_STRICT_OBJC_MSGSEND = YES;
				ENABLE_TESTABILITY = YES;
				ENABLE_USER_SCRIPT_SANDBOXING = YES;
				GCC_C_LANGUAGE_STANDARD = gnu17;
				GCC_DYNAMIC_NO_PIC = NO;
				GCC_NO_COMMON_BLOCKS = YES;
				GCC_OPTIMIZATION_LEVEL = 0;
				GCC_PREPROCESSOR_DEFINITIONS = (
					"DEBUG=1",
					"$(inherited)",
				);
				GCC_WARN_64_TO_32_BIT_CONVERSION = YES;
				GCC_WARN_ABOUT_RETURN_TYPE = YES_ERROR;
				GCC_WARN_UNDECLARED_SELECTOR = YES;
				GCC_WARN_UNINITIALIZED_AUTOS = YES_AGGRESSIVE;
				GCC_WARN_UNUSED_FUNCTION = YES;
				GCC_WARN_UNUSED_VARIABLE = YES;
				IPHONEOS_DEPLOYMENT_TARGET = 17.2;
				LOCALIZATION_PREFERS_STRING_CATALOGS = YES;
				MTL_ENABLE_DEBUG_INFO = INCLUDE_SOURCE;
				MTL_FAST_MATH = YES;
				ONLY_ACTIVE_ARCH = YES;
				SDKROOT = iphoneos;
				SWIFT_ACTIVE_COMPILATION_CONDITIONS = "DEBUG $(inherited)";
				SWIFT_OPTIMIZATION_LEVEL = "-Onone";
			};
			name = Debug;
		};
		FAE564C32CA48A990083E8C3 /* Release */ = {
			isa = XCBuildConfiguration;
			buildSettings = {
				ALWAYS_SEARCH_USER_PATHS = NO;
				ASSETCATALOG_COMPILER_GENERATE_SWIFT_ASSET_SYMBOL_EXTENSIONS = YES;
				CLANG_ANALYZER_NONNULL = YES;
				CLANG_ANALYZER_NUMBER_OBJECT_CONVERSION = YES_AGGRESSIVE;
				CLANG_CXX_LANGUAGE_STANDARD = "gnu++20";
				CLANG_ENABLE_MODULES = YES;
				CLANG_ENABLE_OBJC_ARC = YES;
				CLANG_ENABLE_OBJC_WEAK = YES;
				CLANG_WARN_BLOCK_CAPTURE_AUTORELEASING = YES;
				CLANG_WARN_BOOL_CONVERSION = YES;
				CLANG_WARN_COMMA = YES;
				CLANG_WARN_CONSTANT_CONVERSION = YES;
				CLANG_WARN_DEPRECATED_OBJC_IMPLEMENTATIONS = YES;
				CLANG_WARN_DIRECT_OBJC_ISA_USAGE = YES_ERROR;
				CLANG_WARN_DOCUMENTATION_COMMENTS = YES;
				CLANG_WARN_EMPTY_BODY = YES;
				CLANG_WARN_ENUM_CONVERSION = YES;
				CLANG_WARN_INFINITE_RECURSION = YES;
				CLANG_WARN_INT_CONVERSION = YES;
				CLANG_WARN_NON_LITERAL_NULL_CONVERSION = YES;
				CLANG_WARN_OBJC_IMPLICIT_RETAIN_SELF = YES;
				CLANG_WARN_OBJC_LITERAL_CONVERSION = YES;
				CLANG_WARN_OBJC_ROOT_CLASS = YES_ERROR;
				CLANG_WARN_QUOTED_INCLUDE_IN_FRAMEWORK_HEADER = YES;
				CLANG_WARN_RANGE_LOOP_ANALYSIS = YES;
				CLANG_WARN_STRICT_PROTOTYPES = YES;
				CLANG_WARN_SUSPICIOUS_MOVE = YES;
				CLANG_WARN_UNGUARDED_AVAILABILITY = YES_AGGRESSIVE;
				CLANG_WARN_UNREACHABLE_CODE = YES;
				CLANG_WARN__DUPLICATE_METHOD_MATCH = YES;
				COPY_PHASE_STRIP = NO;
				DEBUG_INFORMATION_FORMAT = "dwarf-with-dsym";
				ENABLE_NS_ASSERTIONS = NO;
				ENABLE_STRICT_OBJC_MSGSEND = YES;
				ENABLE_USER_SCRIPT_SANDBOXING = YES;
				GCC_C_LANGUAGE_STANDARD = gnu17;
				GCC_NO_COMMON_BLOCKS = YES;
				GCC_WARN_64_TO_32_BIT_CONVERSION = YES;
				GCC_WARN_ABOUT_RETURN_TYPE = YES_ERROR;
				GCC_WARN_UNDECLARED_SELECTOR = YES;
				GCC_WARN_UNINITIALIZED_AUTOS = YES_AGGRESSIVE;
				GCC_WARN_UNUSED_FUNCTION = YES;
				GCC_WARN_UNUSED_VARIABLE = YES;
				IPHONEOS_DEPLOYMENT_TARGET = 17.2;
				LOCALIZATION_PREFERS_STRING_CATALOGS = YES;
				MTL_ENABLE_DEBUG_INFO = NO;
				MTL_FAST_MATH = YES;
				SDKROOT = iphoneos;
				SWIFT_COMPILATION_MODE = wholemodule;
				VALIDATE_PRODUCT = YES;
			};
			name = Release;
		};
		FAE564C52CA48A990083E8C3 /* Debug */ = {
			isa = XCBuildConfiguration;
			buildSettings = {
				ASSETCATALOG_COMPILER_APPICON_NAME = AppIcon;
				ASSETCATALOG_COMPILER_GLOBAL_ACCENT_COLOR_NAME = AccentColor;
				CODE_SIGN_STYLE = Automatic;
				CURRENT_PROJECT_VERSION = 1;
				DEVELOPMENT_ASSET_PATHS = "\"Medico/Preview Content\"";
				ENABLE_PREVIEWS = YES;
				GENERATE_INFOPLIST_FILE = YES;
				INFOPLIST_KEY_UIApplicationSceneManifest_Generation = YES;
				INFOPLIST_KEY_UIApplicationSupportsIndirectInputEvents = YES;
				INFOPLIST_KEY_UILaunchScreen_Generation = YES;
				INFOPLIST_KEY_UISupportedInterfaceOrientations_iPad = "UIInterfaceOrientationPortrait UIInterfaceOrientationPortraitUpsideDown UIInterfaceOrientationLandscapeLeft UIInterfaceOrientationLandscapeRight";
				INFOPLIST_KEY_UISupportedInterfaceOrientations_iPhone = "UIInterfaceOrientationPortrait UIInterfaceOrientationLandscapeLeft UIInterfaceOrientationLandscapeRight";
				LD_RUNPATH_SEARCH_PATHS = (
					"$(inherited)",
					"@executable_path/Frameworks",
				);
				MARKETING_VERSION = 1.0;
				PRODUCT_BUNDLE_IDENTIFIER = ac.Medico;
				PRODUCT_NAME = "$(TARGET_NAME)";
				SWIFT_EMIT_LOC_STRINGS = YES;
				SWIFT_VERSION = 5.0;
				TARGETED_DEVICE_FAMILY = "1,2";
			};
			name = Debug;
		};
		FAE564C62CA48A990083E8C3 /* Release */ = {
			isa = XCBuildConfiguration;
			buildSettings = {
				ASSETCATALOG_COMPILER_APPICON_NAME = AppIcon;
				ASSETCATALOG_COMPILER_GLOBAL_ACCENT_COLOR_NAME = AccentColor;
				CODE_SIGN_STYLE = Automatic;
				CURRENT_PROJECT_VERSION = 1;
				DEVELOPMENT_ASSET_PATHS = "\"Medico/Preview Content\"";
				ENABLE_PREVIEWS = YES;
				GENERATE_INFOPLIST_FILE = YES;
				INFOPLIST_KEY_UIApplicationSceneManifest_Generation = YES;
				INFOPLIST_KEY_UIApplicationSupportsIndirectInputEvents = YES;
				INFOPLIST_KEY_UILaunchScreen_Generation = YES;
				INFOPLIST_KEY_UISupportedInterfaceOrientations_iPad = "UIInterfaceOrientationPortrait UIInterfaceOrientationPortraitUpsideDown UIInterfaceOrientationLandscapeLeft UIInterfaceOrientationLandscapeRight";
				INFOPLIST_KEY_UISupportedInterfaceOrientations_iPhone = "UIInterfaceOrientationPortrait UIInterfaceOrientationLandscapeLeft UIInterfaceOrientationLandscapeRight";
				LD_RUNPATH_SEARCH_PATHS = (
					"$(inherited)",
					"@executable_path/Frameworks",
				);
				MARKETING_VERSION = 1.0;
				PRODUCT_BUNDLE_IDENTIFIER = ac.Medico;
				PRODUCT_NAME = "$(TARGET_NAME)";
				SWIFT_EMIT_LOC_STRINGS = YES;
				SWIFT_VERSION = 5.0;
				TARGETED_DEVICE_FAMILY = "1,2";
			};
			name = Release;
		};
		FAE564C82CA48A990083E8C3 /* Debug */ = {
			isa = XCBuildConfiguration;
			buildSettings = {
				ALWAYS_EMBED_SWIFT_STANDARD_LIBRARIES = YES;
				BUNDLE_LOADER = "$(TEST_HOST)";
				CODE_SIGN_STYLE = Automatic;
				CURRENT_PROJECT_VERSION = 1;
				GENERATE_INFOPLIST_FILE = YES;
				IPHONEOS_DEPLOYMENT_TARGET = 17.2;
				MARKETING_VERSION = 1.0;
				PRODUCT_BUNDLE_IDENTIFIER = ac.MedicoTests;
				PRODUCT_NAME = "$(TARGET_NAME)";
				SWIFT_EMIT_LOC_STRINGS = NO;
				SWIFT_VERSION = 5.0;
				TARGETED_DEVICE_FAMILY = "1,2";
				TEST_HOST = "$(BUILT_PRODUCTS_DIR)/Medico.app/$(BUNDLE_EXECUTABLE_FOLDER_PATH)/Medico";
			};
			name = Debug;
		};
		FAE564C92CA48A990083E8C3 /* Release */ = {
			isa = XCBuildConfiguration;
			buildSettings = {
				ALWAYS_EMBED_SWIFT_STANDARD_LIBRARIES = YES;
				BUNDLE_LOADER = "$(TEST_HOST)";
				CODE_SIGN_STYLE = Automatic;
				CURRENT_PROJECT_VERSION = 1;
				GENERATE_INFOPLIST_FILE = YES;
				IPHONEOS_DEPLOYMENT_TARGET = 17.2;
				MARKETING_VERSION = 1.0;
				PRODUCT_BUNDLE_IDENTIFIER = ac.MedicoTests;
				PRODUCT_NAME = "$(TARGET_NAME)";
				SWIFT_EMIT_LOC_STRINGS = NO;
				SWIFT_VERSION = 5.0;
				TARGETED_DEVICE_FAMILY = "1,2";
				TEST_HOST = "$(BUILT_PRODUCTS_DIR)/Medico.app/$(BUNDLE_EXECUTABLE_FOLDER_PATH)/Medico";
			};
			name = Release;
		};
		FAE564CB2CA48A990083E8C3 /* Debug */ = {
			isa = XCBuildConfiguration;
			buildSettings = {
				ALWAYS_EMBED_SWIFT_STANDARD_LIBRARIES = YES;
				CODE_SIGN_STYLE = Automatic;
				CURRENT_PROJECT_VERSION = 1;
				GENERATE_INFOPLIST_FILE = YES;
				MARKETING_VERSION = 1.0;
				PRODUCT_BUNDLE_IDENTIFIER = ac.MedicoUITests;
				PRODUCT_NAME = "$(TARGET_NAME)";
				SWIFT_EMIT_LOC_STRINGS = NO;
				SWIFT_VERSION = 5.0;
				TARGETED_DEVICE_FAMILY = "1,2";
				TEST_TARGET_NAME = Medico;
			};
			name = Debug;
		};
		FAE564CC2CA48A990083E8C3 /* Release */ = {
			isa = XCBuildConfiguration;
			buildSettings = {
				ALWAYS_EMBED_SWIFT_STANDARD_LIBRARIES = YES;
				CODE_SIGN_STYLE = Automatic;
				CURRENT_PROJECT_VERSION = 1;
				GENERATE_INFOPLIST_FILE = YES;
				MARKETING_VERSION = 1.0;
				PRODUCT_BUNDLE_IDENTIFIER = ac.MedicoUITests;
				PRODUCT_NAME = "$(TARGET_NAME)";
				SWIFT_EMIT_LOC_STRINGS = NO;
				SWIFT_VERSION = 5.0;
				TARGETED_DEVICE_FAMILY = "1,2";
				TEST_TARGET_NAME = Medico;
			};
			name = Release;
		};
/* End XCBuildConfiguration section */

/* Begin XCConfigurationList section */
		FAE5649B2CA48A980083E8C3 /* Build configuration list for PBXProject "Medico" */ = {
			isa = XCConfigurationList;
			buildConfigurations = (
				FAE564C22CA48A990083E8C3 /* Debug */,
				FAE564C32CA48A990083E8C3 /* Release */,
			);
			defaultConfigurationIsVisible = 0;
			defaultConfigurationName = Release;
		};
		FAE564C42CA48A990083E8C3 /* Build configuration list for PBXNativeTarget "Medico" */ = {
			isa = XCConfigurationList;
			buildConfigurations = (
				FAE564C52CA48A990083E8C3 /* Debug */,
				FAE564C62CA48A990083E8C3 /* Release */,
			);
			defaultConfigurationIsVisible = 0;
			defaultConfigurationName = Release;
		};
		FAE564C72CA48A990083E8C3 /* Build configuration list for PBXNativeTarget "MedicoTests" */ = {
			isa = XCConfigurationList;
			buildConfigurations = (
				FAE564C82CA48A990083E8C3 /* Debug */,
				FAE564C92CA48A990083E8C3 /* Release */,
			);
			defaultConfigurationIsVisible = 0;
			defaultConfigurationName = Release;
		};
		FAE564CA2CA48A990083E8C3 /* Build configuration list for PBXNativeTarget "MedicoUITests" */ = {
			isa = XCConfigurationList;
			buildConfigurations = (
				FAE564CB2CA48A990083E8C3 /* Debug */,
				FAE564CC2CA48A990083E8C3 /* Release */,
			);
			defaultConfigurationIsVisible = 0;
			defaultConfigurationName = Release;
		};
/* End XCConfigurationList section */
	};
	rootObject = FAE564982CA48A980083E8C3 /* Project object */;
}
