// !$*UTF8*$!
{
	archiveVersion = 1;
	classes = {
	};
	objectVersion = 56;
	objects = {

/* Begin PBXBuildFile section */
		FAE5646E2CA4802E0083E8C3 /* ImcAppApp.swift in Sources */ = {isa = PBXBuildFile; fileRef = FAE5646D2CA4802E0083E8C3 /* ImcAppApp.swift */; };
		FAE564702CA4802E0083E8C3 /* ContentView.swift in Sources */ = {isa = PBXBuildFile; fileRef = FAE5646F2CA4802E0083E8C3 /* ContentView.swift */; };
		FAE564722CA4802F0083E8C3 /* Assets.xcassets in Resources */ = {isa = PBXBuildFile; fileRef = FAE564712CA4802F0083E8C3 /* Assets.xcassets */; };
		FAE564752CA4802F0083E8C3 /* Preview Assets.xcassets in Resources */ = {isa = PBXBuildFile; fileRef = FAE564742CA4802F0083E8C3 /* Preview Assets.xcassets */; };
		FAE5647F2CA4802F0083E8C3 /* ImcAppTests.swift in Sources */ = {isa = PBXBuildFile; fileRef = FAE5647E2CA4802F0083E8C3 /* ImcAppTests.swift */; };
		FAE564892CA4802F0083E8C3 /* ImcAppUITests.swift in Sources */ = {isa = PBXBuildFile; fileRef = FAE564882CA4802F0083E8C3 /* ImcAppUITests.swift */; };
		FAE5648B2CA4802F0083E8C3 /* ImcAppUITestsLaunchTests.swift in Sources */ = {isa = PBXBuildFile; fileRef = FAE5648A2CA4802F0083E8C3 /* ImcAppUITestsLaunchTests.swift */; };
/* End PBXBuildFile section */

/* Begin PBXContainerItemProxy section */
		FAE5647B2CA4802F0083E8C3 /* PBXContainerItemProxy */ = {
			isa = PBXContainerItemProxy;
			containerPortal = FAE564622CA4802E0083E8C3 /* Project object */;
			proxyType = 1;
			remoteGlobalIDString = FAE564692CA4802E0083E8C3;
			remoteInfo = ImcApp;
		};
		FAE564852CA4802F0083E8C3 /* PBXContainerItemProxy */ = {
			isa = PBXContainerItemProxy;
			containerPortal = FAE564622CA4802E0083E8C3 /* Project object */;
			proxyType = 1;
			remoteGlobalIDString = FAE564692CA4802E0083E8C3;
			remoteInfo = ImcApp;
		};
/* End PBXContainerItemProxy section */

/* Begin PBXFileReference section */
		FAE5646A2CA4802E0083E8C3 /* ImcApp.app */ = {isa = PBXFileReference; explicitFileType = wrapper.application; includeInIndex = 0; path = ImcApp.app; sourceTree = BUILT_PRODUCTS_DIR; };
		FAE5646D2CA4802E0083E8C3 /* ImcAppApp.swift */ = {isa = PBXFileReference; lastKnownFileType = sourcecode.swift; path = ImcAppApp.swift; sourceTree = "<group>"; };
		FAE5646F2CA4802E0083E8C3 /* ContentView.swift */ = {isa = PBXFileReference; lastKnownFileType = sourcecode.swift; path = ContentView.swift; sourceTree = "<group>"; };
		FAE564712CA4802F0083E8C3 /* Assets.xcassets */ = {isa = PBXFileReference; lastKnownFileType = folder.assetcatalog; path = Assets.xcassets; sourceTree = "<group>"; };
		FAE564742CA4802F0083E8C3 /* Preview Assets.xcassets */ = {isa = PBXFileReference; lastKnownFileType = folder.assetcatalog; path = "Preview Assets.xcassets"; sourceTree = "<group>"; };
		FAE5647A2CA4802F0083E8C3 /* ImcAppTests.xctest */ = {isa = PBXFileReference; explicitFileType = wrapper.cfbundle; includeInIndex = 0; path = ImcAppTests.xctest; sourceTree = BUILT_PRODUCTS_DIR; };
		FAE5647E2CA4802F0083E8C3 /* ImcAppTests.swift */ = {isa = PBXFileReference; lastKnownFileType = sourcecode.swift; path = ImcAppTests.swift; sourceTree = "<group>"; };
		FAE564842CA4802F0083E8C3 /* ImcAppUITests.xctest */ = {isa = PBXFileReference; explicitFileType = wrapper.cfbundle; includeInIndex = 0; path = ImcAppUITests.xctest; sourceTree = BUILT_PRODUCTS_DIR; };
		FAE564882CA4802F0083E8C3 /* ImcAppUITests.swift */ = {isa = PBXFileReference; lastKnownFileType = sourcecode.swift; path = ImcAppUITests.swift; sourceTree = "<group>"; };
		FAE5648A2CA4802F0083E8C3 /* ImcAppUITestsLaunchTests.swift */ = {isa = PBXFileReference; lastKnownFileType = sourcecode.swift; path = ImcAppUITestsLaunchTests.swift; sourceTree = "<group>"; };
/* End PBXFileReference section */

/* Begin PBXFrameworksBuildPhase section */
		FAE564672CA4802E0083E8C3 /* Frameworks */ = {
			isa = PBXFrameworksBuildPhase;
			buildActionMask = 2147483647;
			files = (
			);
			runOnlyForDeploymentPostprocessing = 0;
		};
		FAE564772CA4802F0083E8C3 /* Frameworks */ = {
			isa = PBXFrameworksBuildPhase;
			buildActionMask = 2147483647;
			files = (
			);
			runOnlyForDeploymentPostprocessing = 0;
		};
		FAE564812CA4802F0083E8C3 /* Frameworks */ = {
			isa = PBXFrameworksBuildPhase;
			buildActionMask = 2147483647;
			files = (
			);
			runOnlyForDeploymentPostprocessing = 0;
		};
/* End PBXFrameworksBuildPhase section */

/* Begin PBXGroup section */
		FAE564612CA4802E0083E8C3 = {
			isa = PBXGroup;
			children = (
				FAE5646C2CA4802E0083E8C3 /* ImcApp */,
				FAE5647D2CA4802F0083E8C3 /* ImcAppTests */,
				FAE564872CA4802F0083E8C3 /* ImcAppUITests */,
				FAE5646B2CA4802E0083E8C3 /* Products */,
			);
			sourceTree = "<group>";
		};
		FAE5646B2CA4802E0083E8C3 /* Products */ = {
			isa = PBXGroup;
			children = (
				FAE5646A2CA4802E0083E8C3 /* ImcApp.app */,
				FAE5647A2CA4802F0083E8C3 /* ImcAppTests.xctest */,
				FAE564842CA4802F0083E8C3 /* ImcAppUITests.xctest */,
			);
			name = Products;
			sourceTree = "<group>";
		};
		FAE5646C2CA4802E0083E8C3 /* ImcApp */ = {
			isa = PBXGroup;
			children = (
				FAE5646D2CA4802E0083E8C3 /* ImcAppApp.swift */,
				FAE5646F2CA4802E0083E8C3 /* ContentView.swift */,
				FAE564712CA4802F0083E8C3 /* Assets.xcassets */,
				FAE564732CA4802F0083E8C3 /* Preview Content */,
			);
			path = ImcApp;
			sourceTree = "<group>";
		};
		FAE564732CA4802F0083E8C3 /* Preview Content */ = {
			isa = PBXGroup;
			children = (
				FAE564742CA4802F0083E8C3 /* Preview Assets.xcassets */,
			);
			path = "Preview Content";
			sourceTree = "<group>";
		};
		FAE5647D2CA4802F0083E8C3 /* ImcAppTests */ = {
			isa = PBXGroup;
			children = (
				FAE5647E2CA4802F0083E8C3 /* ImcAppTests.swift */,
			);
			path = ImcAppTests;
			sourceTree = "<group>";
		};
		FAE564872CA4802F0083E8C3 /* ImcAppUITests */ = {
			isa = PBXGroup;
			children = (
				FAE564882CA4802F0083E8C3 /* ImcAppUITests.swift */,
				FAE5648A2CA4802F0083E8C3 /* ImcAppUITestsLaunchTests.swift */,
			);
			path = ImcAppUITests;
			sourceTree = "<group>";
		};
/* End PBXGroup section */

/* Begin PBXNativeTarget section */
		FAE564692CA4802E0083E8C3 /* ImcApp */ = {
			isa = PBXNativeTarget;
			buildConfigurationList = FAE5648E2CA4802F0083E8C3 /* Build configuration list for PBXNativeTarget "ImcApp" */;
			buildPhases = (
				FAE564662CA4802E0083E8C3 /* Sources */,
				FAE564672CA4802E0083E8C3 /* Frameworks */,
				FAE564682CA4802E0083E8C3 /* Resources */,
			);
			buildRules = (
			);
			dependencies = (
			);
			name = ImcApp;
			productName = ImcApp;
			productReference = FAE5646A2CA4802E0083E8C3 /* ImcApp.app */;
			productType = "com.apple.product-type.application";
		};
		FAE564792CA4802F0083E8C3 /* ImcAppTests */ = {
			isa = PBXNativeTarget;
			buildConfigurationList = FAE564912CA4802F0083E8C3 /* Build configuration list for PBXNativeTarget "ImcAppTests" */;
			buildPhases = (
				FAE564762CA4802F0083E8C3 /* Sources */,
				FAE564772CA4802F0083E8C3 /* Frameworks */,
				FAE564782CA4802F0083E8C3 /* Resources */,
			);
			buildRules = (
			);
			dependencies = (
				FAE5647C2CA4802F0083E8C3 /* PBXTargetDependency */,
			);
			name = ImcAppTests;
			productName = ImcAppTests;
			productReference = FAE5647A2CA4802F0083E8C3 /* ImcAppTests.xctest */;
			productType = "com.apple.product-type.bundle.unit-test";
		};
		FAE564832CA4802F0083E8C3 /* ImcAppUITests */ = {
			isa = PBXNativeTarget;
			buildConfigurationList = FAE564942CA4802F0083E8C3 /* Build configuration list for PBXNativeTarget "ImcAppUITests" */;
			buildPhases = (
				FAE564802CA4802F0083E8C3 /* Sources */,
				FAE564812CA4802F0083E8C3 /* Frameworks */,
				FAE564822CA4802F0083E8C3 /* Resources */,
			);
			buildRules = (
			);
			dependencies = (
				FAE564862CA4802F0083E8C3 /* PBXTargetDependency */,
			);
			name = ImcAppUITests;
			productName = ImcAppUITests;
			productReference = FAE564842CA4802F0083E8C3 /* ImcAppUITests.xctest */;
			productType = "com.apple.product-type.bundle.ui-testing";
		};
/* End PBXNativeTarget section */

/* Begin PBXProject section */
		FAE564622CA4802E0083E8C3 /* Project object */ = {
			isa = PBXProject;
			attributes = {
				BuildIndependentTargetsInParallel = 1;
				LastSwiftUpdateCheck = 1520;
				LastUpgradeCheck = 1520;
				TargetAttributes = {
					FAE564692CA4802E0083E8C3 = {
						CreatedOnToolsVersion = 15.2;
					};
					FAE564792CA4802F0083E8C3 = {
						CreatedOnToolsVersion = 15.2;
						TestTargetID = FAE564692CA4802E0083E8C3;
					};
					FAE564832CA4802F0083E8C3 = {
						CreatedOnToolsVersion = 15.2;
						TestTargetID = FAE564692CA4802E0083E8C3;
					};
				};
			};
			buildConfigurationList = FAE564652CA4802E0083E8C3 /* Build configuration list for PBXProject "ImcApp" */;
			compatibilityVersion = "Xcode 14.0";
			developmentRegion = en;
			hasScannedForEncodings = 0;
			knownRegions = (
				en,
				Base,
			);
			mainGroup = FAE564612CA4802E0083E8C3;
			productRefGroup = FAE5646B2CA4802E0083E8C3 /* Products */;
			projectDirPath = "";
			projectRoot = "";
			targets = (
				FAE564692CA4802E0083E8C3 /* ImcApp */,
				FAE564792CA4802F0083E8C3 /* ImcAppTests */,
				FAE564832CA4802F0083E8C3 /* ImcAppUITests */,
			);
		};
/* End PBXProject section */

/* Begin PBXResourcesBuildPhase section */
		FAE564682CA4802E0083E8C3 /* Resources */ = {
			isa = PBXResourcesBuildPhase;
			buildActionMask = 2147483647;
			files = (
				FAE564752CA4802F0083E8C3 /* Preview Assets.xcassets in Resources */,
				FAE564722CA4802F0083E8C3 /* Assets.xcassets in Resources */,
			);
			runOnlyForDeploymentPostprocessing = 0;
		};
		FAE564782CA4802F0083E8C3 /* Resources */ = {
			isa = PBXResourcesBuildPhase;
			buildActionMask = 2147483647;
			files = (
			);
			runOnlyForDeploymentPostprocessing = 0;
		};
		FAE564822CA4802F0083E8C3 /* Resources */ = {
			isa = PBXResourcesBuildPhase;
			buildActionMask = 2147483647;
			files = (
			);
			runOnlyForDeploymentPostprocessing = 0;
		};
/* End PBXResourcesBuildPhase section */

/* Begin PBXSourcesBuildPhase section */
		FAE564662CA4802E0083E8C3 /* Sources */ = {
			isa = PBXSourcesBuildPhase;
			buildActionMask = 2147483647;
			files = (
				FAE564702CA4802E0083E8C3 /* ContentView.swift in Sources */,
				FAE5646E2CA4802E0083E8C3 /* ImcAppApp.swift in Sources */,
			);
			runOnlyForDeploymentPostprocessing = 0;
		};
		FAE564762CA4802F0083E8C3 /* Sources */ = {
			isa = PBXSourcesBuildPhase;
			buildActionMask = 2147483647;
			files = (
				FAE5647F2CA4802F0083E8C3 /* ImcAppTests.swift in Sources */,
			);
			runOnlyForDeploymentPostprocessing = 0;
		};
		FAE564802CA4802F0083E8C3 /* Sources */ = {
			isa = PBXSourcesBuildPhase;
			buildActionMask = 2147483647;
			files = (
				FAE5648B2CA4802F0083E8C3 /* ImcAppUITestsLaunchTests.swift in Sources */,
				FAE564892CA4802F0083E8C3 /* ImcAppUITests.swift in Sources */,
			);
			runOnlyForDeploymentPostprocessing = 0;
		};
/* End PBXSourcesBuildPhase section */

/* Begin PBXTargetDependency section */
		FAE5647C2CA4802F0083E8C3 /* PBXTargetDependency */ = {
			isa = PBXTargetDependency;
			target = FAE564692CA4802E0083E8C3 /* ImcApp */;
			targetProxy = FAE5647B2CA4802F0083E8C3 /* PBXContainerItemProxy */;
		};
		FAE564862CA4802F0083E8C3 /* PBXTargetDependency */ = {
			isa = PBXTargetDependency;
			target = FAE564692CA4802E0083E8C3 /* ImcApp */;
			targetProxy = FAE564852CA4802F0083E8C3 /* PBXContainerItemProxy */;
		};
/* End PBXTargetDependency section */

/* Begin XCBuildConfiguration section */
		FAE5648C2CA4802F0083E8C3 /* Debug */ = {
			isa = XCBuildConfiguration;
			buildSettings = {
				ALWAYS_SEARCH_USER_PATHS = NO;
				ASSETCATALOG_COMPILER_GENERATE_SWIFT_ASSET_SYMBOL_EXTENSIONS = YES;
				CLANG_ANALYZER_NONNULL = YES;
				CLANG_ANALYZER_NUMBER_OBJECT_CONVERSION = YES_AGGRESSIVE;
				CLANG_CXX_LANGUAGE_STANDARD = "gnu++20";
				CLANG_ENABLE_MODULES = YES;
				CLANG_ENABLE_OBJC_ARC = YES;
				CLANG_ENABLE_OBJC_WEAK = YES;
				CLANG_WARN_BLOCK_CAPTURE_AUTORELEASING = YES;
				CLANG_WARN_BOOL_CONVERSION = YES;
				CLANG_WARN_COMMA = YES;
				CLANG_WARN_CONSTANT_CONVERSION = YES;
				CLANG_WARN_DEPRECATED_OBJC_IMPLEMENTATIONS = YES;
				CLANG_WARN_DIRECT_OBJC_ISA_USAGE = YES_ERROR;
				CLANG_WARN_DOCUMENTATION_COMMENTS = YES;
				CLANG_WARN_EMPTY_BODY = YES;
				CLANG_WARN_ENUM_CONVERSION = YES;
				CLANG_WARN_INFINITE_RECURSION = YES;
				CLANG_WARN_INT_CONVERSION = YES;
				CLANG_WARN_NON_LITERAL_NULL_CONVERSION = YES;
				CLANG_WARN_OBJC_IMPLICIT_RETAIN_SELF = YES;
				CLANG_WARN_OBJC_LITERAL_CONVERSION = YES;
				CLANG_WARN_OBJC_ROOT_CLASS = YES_ERROR;
				CLANG_WARN_QUOTED_INCLUDE_IN_FRAMEWORK_HEADER = YES;
				CLANG_WARN_RANGE_LOOP_ANALYSIS = YES;
				CLANG_WARN_STRICT_PROTOTYPES = YES;
				CLANG_WARN_SUSPICIOUS_MOVE = YES;
				CLANG_WARN_UNGUARDED_AVAILABILITY = YES_AGGRESSIVE;
				CLANG_WARN_UNREACHABLE_CODE = YES;
				CLANG_WARN__DUPLICATE_METHOD_MATCH = YES;
				COPY_PHASE_STRIP = NO;
				DEBUG_INFORMATION_FORMAT = dwarf;
				ENABLE_STRICT_OBJC_MSGSEND = YES;
				ENABLE_TESTABILITY = YES;
				ENABLE_USER_SCRIPT_SANDBOXING = YES;
				GCC_C_LANGUAGE_STANDARD = gnu17;
				GCC_DYNAMIC_NO_PIC = NO;
				GCC_NO_COMMON_BLOCKS = YES;
				GCC_OPTIMIZATION_LEVEL = 0;
				GCC_PREPROCESSOR_DEFINITIONS = (
					"DEBUG=1",
					"$(inherited)",
				);
				GCC_WARN_64_TO_32_BIT_CONVERSION = YES;
				GCC_WARN_ABOUT_RETURN_TYPE = YES_ERROR;
				GCC_WARN_UNDECLARED_SELECTOR = YES;
				GCC_WARN_UNINITIALIZED_AUTOS = YES_AGGRESSIVE;
				GCC_WARN_UNUSED_FUNCTION = YES;
				GCC_WARN_UNUSED_VARIABLE = YES;
				IPHONEOS_DEPLOYMENT_TARGET = 17.2;
				LOCALIZATION_PREFERS_STRING_CATALOGS = YES;
				MTL_ENABLE_DEBUG_INFO = INCLUDE_SOURCE;
				MTL_FAST_MATH = YES;
				ONLY_ACTIVE_ARCH = YES;
				SDKROOT = iphoneos;
				SWIFT_ACTIVE_COMPILATION_CONDITIONS = "DEBUG $(inherited)";
				SWIFT_OPTIMIZATION_LEVEL = "-Onone";
			};
			name = Debug;
		};
		FAE5648D2CA4802F0083E8C3 /* Release */ = {
			isa = XCBuildConfiguration;
			buildSettings = {
				ALWAYS_SEARCH_USER_PATHS = NO;
				ASSETCATALOG_COMPILER_GENERATE_SWIFT_ASSET_SYMBOL_EXTENSIONS = YES;
				CLANG_ANALYZER_NONNULL = YES;
				CLANG_ANALYZER_NUMBER_OBJECT_CONVERSION = YES_AGGRESSIVE;
				CLANG_CXX_LANGUAGE_STANDARD = "gnu++20";
				CLANG_ENABLE_MODULES = YES;
				CLANG_ENABLE_OBJC_ARC = YES;
				CLANG_ENABLE_OBJC_WEAK = YES;
				CLANG_WARN_BLOCK_CAPTURE_AUTORELEASING = YES;
				CLANG_WARN_BOOL_CONVERSION = YES;
				CLANG_WARN_COMMA = YES;
				CLANG_WARN_CONSTANT_CONVERSION = YES;
				CLANG_WARN_DEPRECATED_OBJC_IMPLEMENTATIONS = YES;
				CLANG_WARN_DIRECT_OBJC_ISA_USAGE = YES_ERROR;
				CLANG_WARN_DOCUMENTATION_COMMENTS = YES;
				CLANG_WARN_EMPTY_BODY = YES;
				CLANG_WARN_ENUM_CONVERSION = YES;
				CLANG_WARN_INFINITE_RECURSION = YES;
				CLANG_WARN_INT_CONVERSION = YES;
				CLANG_WARN_NON_LITERAL_NULL_CONVERSION = YES;
				CLANG_WARN_OBJC_IMPLICIT_RETAIN_SELF = YES;
				CLANG_WARN_OBJC_LITERAL_CONVERSION = YES;
				CLANG_WARN_OBJC_ROOT_CLASS = YES_ERROR;
				CLANG_WARN_QUOTED_INCLUDE_IN_FRAMEWORK_HEADER = YES;
				CLANG_WARN_RANGE_LOOP_ANALYSIS = YES;
				CLANG_WARN_STRICT_PROTOTYPES = YES;
				CLANG_WARN_SUSPICIOUS_MOVE = YES;
				CLANG_WARN_UNGUARDED_AVAILABILITY = YES_AGGRESSIVE;
				CLANG_WARN_UNREACHABLE_CODE = YES;
				CLANG_WARN__DUPLICATE_METHOD_MATCH = YES;
				COPY_PHASE_STRIP = NO;
				DEBUG_INFORMATION_FORMAT = "dwarf-with-dsym";
				ENABLE_NS_ASSERTIONS = NO;
				ENABLE_STRICT_OBJC_MSGSEND = YES;
				ENABLE_USER_SCRIPT_SANDBOXING = YES;
				GCC_C_LANGUAGE_STANDARD = gnu17;
				GCC_NO_COMMON_BLOCKS = YES;
				GCC_WARN_64_TO_32_BIT_CONVERSION = YES;
				GCC_WARN_ABOUT_RETURN_TYPE = YES_ERROR;
				GCC_WARN_UNDECLARED_SELECTOR = YES;
				GCC_WARN_UNINITIALIZED_AUTOS = YES_AGGRESSIVE;
				GCC_WARN_UNUSED_FUNCTION = YES;
				GCC_WARN_UNUSED_VARIABLE = YES;
				IPHONEOS_DEPLOYMENT_TARGET = 17.2;
				LOCALIZATION_PREFERS_STRING_CATALOGS = YES;
				MTL_ENABLE_DEBUG_INFO = NO;
				MTL_FAST_MATH = YES;
				SDKROOT = iphoneos;
				SWIFT_COMPILATION_MODE = wholemodule;
				VALIDATE_PRODUCT = YES;
			};
			name = Release;
		};
		FAE5648F2CA4802F0083E8C3 /* Debug */ = {
			isa = XCBuildConfiguration;
			buildSettings = {
				ASSETCATALOG_COMPILER_APPICON_NAME = AppIcon;
				ASSETCATALOG_COMPILER_GLOBAL_ACCENT_COLOR_NAME = AccentColor;
				CODE_SIGN_STYLE = Automatic;
				CURRENT_PROJECT_VERSION = 1;
				DEVELOPMENT_ASSET_PATHS = "\"ImcApp/Preview Content\"";
				ENABLE_PREVIEWS = YES;
				GENERATE_INFOPLIST_FILE = YES;
				INFOPLIST_KEY_UIApplicationSceneManifest_Generation = YES;
				INFOPLIST_KEY_UIApplicationSupportsIndirectInputEvents = YES;
				INFOPLIST_KEY_UILaunchScreen_Generation = YES;
				INFOPLIST_KEY_UISupportedInterfaceOrientations_iPad = "UIInterfaceOrientationPortrait UIInterfaceOrientationPortraitUpsideDown UIInterfaceOrientationLandscapeLeft UIInterfaceOrientationLandscapeRight";
				INFOPLIST_KEY_UISupportedInterfaceOrientations_iPhone = "UIInterfaceOrientationPortrait UIInterfaceOrientationLandscapeLeft UIInterfaceOrientationLandscapeRight";
				LD_RUNPATH_SEARCH_PATHS = (
					"$(inherited)",
					"@executable_path/Frameworks",
				);
				MARKETING_VERSION = 1.0;
				PRODUCT_BUNDLE_IDENTIFIER = ac.ImcApp;
				PRODUCT_NAME = "$(TARGET_NAME)";
				SWIFT_EMIT_LOC_STRINGS = YES;
				SWIFT_VERSION = 5.0;
				TARGETED_DEVICE_FAMILY = "1,2";
			};
			name = Debug;
		};
		FAE564902CA4802F0083E8C3 /* Release */ = {
			isa = XCBuildConfiguration;
			buildSettings = {
				ASSETCATALOG_COMPILER_APPICON_NAME = AppIcon;
				ASSETCATALOG_COMPILER_GLOBAL_ACCENT_COLOR_NAME = AccentColor;
				CODE_SIGN_STYLE = Automatic;
				CURRENT_PROJECT_VERSION = 1;
				DEVELOPMENT_ASSET_PATHS = "\"ImcApp/Preview Content\"";
				ENABLE_PREVIEWS = YES;
				GENERATE_INFOPLIST_FILE = YES;
				INFOPLIST_KEY_UIApplicationSceneManifest_Generation = YES;
				INFOPLIST_KEY_UIApplicationSupportsIndirectInputEvents = YES;
				INFOPLIST_KEY_UILaunchScreen_Generation = YES;
				INFOPLIST_KEY_UISupportedInterfaceOrientations_iPad = "UIInterfaceOrientationPortrait UIInterfaceOrientationPortraitUpsideDown UIInterfaceOrientationLandscapeLeft UIInterfaceOrientationLandscapeRight";
				INFOPLIST_KEY_UISupportedInterfaceOrientations_iPhone = "UIInterfaceOrientationPortrait UIInterfaceOrientationLandscapeLeft UIInterfaceOrientationLandscapeRight";
				LD_RUNPATH_SEARCH_PATHS = (
					"$(inherited)",
					"@executable_path/Frameworks",
				);
				MARKETING_VERSION = 1.0;
				PRODUCT_BUNDLE_IDENTIFIER = ac.ImcApp;
				PRODUCT_NAME = "$(TARGET_NAME)";
				SWIFT_EMIT_LOC_STRINGS = YES;
				SWIFT_VERSION = 5.0;
				TARGETED_DEVICE_FAMILY = "1,2";
			};
			name = Release;
		};
		FAE564922CA4802F0083E8C3 /* Debug */ = {
			isa = XCBuildConfiguration;
			buildSettings = {
				ALWAYS_EMBED_SWIFT_STANDARD_LIBRARIES = YES;
				BUNDLE_LOADER = "$(TEST_HOST)";
				CODE_SIGN_STYLE = Automatic;
				CURRENT_PROJECT_VERSION = 1;
				GENERATE_INFOPLIST_FILE = YES;
				IPHONEOS_DEPLOYMENT_TARGET = 17.2;
				MARKETING_VERSION = 1.0;
				PRODUCT_BUNDLE_IDENTIFIER = ac.ImcAppTests;
				PRODUCT_NAME = "$(TARGET_NAME)";
				SWIFT_EMIT_LOC_STRINGS = NO;
				SWIFT_VERSION = 5.0;
				TARGETED_DEVICE_FAMILY = "1,2";
				TEST_HOST = "$(BUILT_PRODUCTS_DIR)/ImcApp.app/$(BUNDLE_EXECUTABLE_FOLDER_PATH)/ImcApp";
			};
			name = Debug;
		};
		FAE564932CA4802F0083E8C3 /* Release */ = {
			isa = XCBuildConfiguration;
			buildSettings = {
				ALWAYS_EMBED_SWIFT_STANDARD_LIBRARIES = YES;
				BUNDLE_LOADER = "$(TEST_HOST)";
				CODE_SIGN_STYLE = Automatic;
				CURRENT_PROJECT_VERSION = 1;
				GENERATE_INFOPLIST_FILE = YES;
				IPHONEOS_DEPLOYMENT_TARGET = 17.2;
				MARKETING_VERSION = 1.0;
				PRODUCT_BUNDLE_IDENTIFIER = ac.ImcAppTests;
				PRODUCT_NAME = "$(TARGET_NAME)";
				SWIFT_EMIT_LOC_STRINGS = NO;
				SWIFT_VERSION = 5.0;
				TARGETED_DEVICE_FAMILY = "1,2";
				TEST_HOST = "$(BUILT_PRODUCTS_DIR)/ImcApp.app/$(BUNDLE_EXECUTABLE_FOLDER_PATH)/ImcApp";
			};
			name = Release;
		};
		FAE564952CA4802F0083E8C3 /* Debug */ = {
			isa = XCBuildConfiguration;
			buildSettings = {
				ALWAYS_EMBED_SWIFT_STANDARD_LIBRARIES = YES;
				CODE_SIGN_STYLE = Automatic;
				CURRENT_PROJECT_VERSION = 1;
				GENERATE_INFOPLIST_FILE = YES;
				MARKETING_VERSION = 1.0;
				PRODUCT_BUNDLE_IDENTIFIER = ac.ImcAppUITests;
				PRODUCT_NAME = "$(TARGET_NAME)";
				SWIFT_EMIT_LOC_STRINGS = NO;
				SWIFT_VERSION = 5.0;
				TARGETED_DEVICE_FAMILY = "1,2";
				TEST_TARGET_NAME = ImcApp;
			};
			name = Debug;
		};
		FAE564962CA4802F0083E8C3 /* Release */ = {
			isa = XCBuildConfiguration;
			buildSettings = {
				ALWAYS_EMBED_SWIFT_STANDARD_LIBRARIES = YES;
				CODE_SIGN_STYLE = Automatic;
				CURRENT_PROJECT_VERSION = 1;
				GENERATE_INFOPLIST_FILE = YES;
				MARKETING_VERSION = 1.0;
				PRODUCT_BUNDLE_IDENTIFIER = ac.ImcAppUITests;
				PRODUCT_NAME = "$(TARGET_NAME)";
				SWIFT_EMIT_LOC_STRINGS = NO;
				SWIFT_VERSION = 5.0;
				TARGETED_DEVICE_FAMILY = "1,2";
				TEST_TARGET_NAME = ImcApp;
			};
			name = Release;
		};
/* End XCBuildConfiguration section */

/* Begin XCConfigurationList section */
		FAE564652CA4802E0083E8C3 /* Build configuration list for PBXProject "ImcApp" */ = {
			isa = XCConfigurationList;
			buildConfigurations = (
				FAE5648C2CA4802F0083E8C3 /* Debug */,
				FAE5648D2CA4802F0083E8C3 /* Release */,
			);
			defaultConfigurationIsVisible = 0;
			defaultConfigurationName = Release;
		};
		FAE5648E2CA4802F0083E8C3 /* Build configuration list for PBXNativeTarget "ImcApp" */ = {
			isa = XCConfigurationList;
			buildConfigurations = (
				FAE5648F2CA4802F0083E8C3 /* Debug */,
				FAE564902CA4802F0083E8C3 /* Release */,
			);
			defaultConfigurationIsVisible = 0;
			defaultConfigurationName = Release;
		};
		FAE564912CA4802F0083E8C3 /* Build configuration list for PBXNativeTarget "ImcAppTests" */ = {
			isa = XCConfigurationList;
			buildConfigurations = (
				FAE564922CA4802F0083E8C3 /* Debug */,
				FAE564932CA4802F0083E8C3 /* Release */,
			);
			defaultConfigurationIsVisible = 0;
			defaultConfigurationName = Release;
		};
		FAE564942CA4802F0083E8C3 /* Build configuration list for PBXNativeTarget "ImcAppUITests" */ = {
			isa = XCConfigurationList;
			buildConfigurations = (
				FAE564952CA4802F0083E8C3 /* Debug */,
				FAE564962CA4802F0083E8C3 /* Release */,
			);
			defaultConfigurationIsVisible = 0;
			defaultConfigurationName = Release;
		};
/* End XCConfigurationList section */
	};
	rootObject = FAE564622CA4802E0083E8C3 /* Project object */;
}
